// !$*UTF8*$!
{
	archiveVersion = 1;
	classes = {
	};
	objectVersion = 55;
	objects = {

/* Begin PBXBuildFile section */
		763114FB2831238E00F7D1B9 /* SavedContentsVC.swift in Sources */ = {isa = PBXBuildFile; fileRef = 763114FA2831238E00F7D1B9 /* SavedContentsVC.swift */; };
		763114FD283123C300F7D1B9 /* SavedCell.swift in Sources */ = {isa = PBXBuildFile; fileRef = 763114FC283123C300F7D1B9 /* SavedCell.swift */; };
		763114FF2832410C00F7D1B9 /* SavedMovie.swift in Sources */ = {isa = PBXBuildFile; fileRef = 763114FE2832410C00F7D1B9 /* SavedMovie.swift */; };
		763115012832415C00F7D1B9 /* SavedViewModel.swift in Sources */ = {isa = PBXBuildFile; fileRef = 763115002832415C00F7D1B9 /* SavedViewModel.swift */; };
		764C274F2828FEA50004E83B /* AppDelegate.swift in Sources */ = {isa = PBXBuildFile; fileRef = 764C274E2828FEA50004E83B /* AppDelegate.swift */; };
		764C27512828FEA50004E83B /* SceneDelegate.swift in Sources */ = {isa = PBXBuildFile; fileRef = 764C27502828FEA50004E83B /* SceneDelegate.swift */; };
		764C27562828FEA50004E83B /* Main.storyboard in Resources */ = {isa = PBXBuildFile; fileRef = 764C27542828FEA50004E83B /* Main.storyboard */; };
		764C27582828FEAC0004E83B /* Assets.xcassets in Resources */ = {isa = PBXBuildFile; fileRef = 764C27572828FEAC0004E83B /* Assets.xcassets */; };
		764C275B2828FEAC0004E83B /* LaunchScreen.storyboard in Resources */ = {isa = PBXBuildFile; fileRef = 764C27592828FEAC0004E83B /* LaunchScreen.storyboard */; };
		764C2764282906300004E83B /* SearchVC.swift in Sources */ = {isa = PBXBuildFile; fileRef = 764C2763282906300004E83B /* SearchVC.swift */; };
		764C2768282912740004E83B /* SearchCell.swift in Sources */ = {isa = PBXBuildFile; fileRef = 764C2767282912740004E83B /* SearchCell.swift */; };
		764C2775282A40470004E83B /* HomeVC.swift in Sources */ = {isa = PBXBuildFile; fileRef = 764C2774282A40470004E83B /* HomeVC.swift */; };
		764C2779282A49580004E83B /* SectionHeaderView.swift in Sources */ = {isa = PBXBuildFile; fileRef = 764C2778282A49580004E83B /* SectionHeaderView.swift */; };
		76966D912830C4C400CCCB07 /* RecommendCell.swift in Sources */ = {isa = PBXBuildFile; fileRef = 76966D8F2830C4C400CCCB07 /* RecommendCell.swift */; };
		76966D922830C4C400CCCB07 /* RecommendCell.xib in Resources */ = {isa = PBXBuildFile; fileRef = 76966D902830C4C400CCCB07 /* RecommendCell.xib */; };
		76966D952830CE0E00CCCB07 /* MainCell.swift in Sources */ = {isa = PBXBuildFile; fileRef = 76966D932830CE0E00CCCB07 /* MainCell.swift */; };
		76966D962830CE0E00CCCB07 /* MainCell.xib in Resources */ = {isa = PBXBuildFile; fileRef = 76966D942830CE0E00CCCB07 /* MainCell.xib */; };
		76974C5B282E68FD00210B55 /* Kingfisher in Frameworks */ = {isa = PBXBuildFile; productRef = 76974C5A282E68FD00210B55 /* Kingfisher */; };
		76974C5D282E731500210B55 /* SearchAPI.swift in Sources */ = {isa = PBXBuildFile; fileRef = 76974C5C282E731500210B55 /* SearchAPI.swift */; };
		76974C60282E736700210B55 /* Movie.swift in Sources */ = {isa = PBXBuildFile; fileRef = 76974C5F282E736700210B55 /* Movie.swift */; };
		76974C62282E737100210B55 /* Response.swift in Sources */ = {isa = PBXBuildFile; fileRef = 76974C61282E737100210B55 /* Response.swift */; };
		76974C65282E73B200210B55 /* MovieViewModel.swift in Sources */ = {isa = PBXBuildFile; fileRef = 76974C64282E73B200210B55 /* MovieViewModel.swift */; };
		76974C67282E74D800210B55 /* PlayerViewVC.swift in Sources */ = {isa = PBXBuildFile; fileRef = 76974C66282E74D800210B55 /* PlayerViewVC.swift */; };
		76974C69282E750800210B55 /* Player.storyboard in Resources */ = {isa = PBXBuildFile; fileRef = 76974C68282E750800210B55 /* Player.storyboard */; };
		76CF43DD282E88BD006B8384 /* PlayerView.swift in Sources */ = {isa = PBXBuildFile; fileRef = 76CF43DC282E88BD006B8384 /* PlayerView.swift */; };
		76CF43E1282EA8B4006B8384 /* RecommendMovie.swift in Sources */ = {isa = PBXBuildFile; fileRef = 76CF43E0282EA8B4006B8384 /* RecommendMovie.swift */; };
		76CF43E3282EAD9A006B8384 /* SearchViewModel.swift in Sources */ = {isa = PBXBuildFile; fileRef = 76CF43E2282EAD9A006B8384 /* SearchViewModel.swift */; };
/* End PBXBuildFile section */

/* Begin PBXFileReference section */
		763114FA2831238E00F7D1B9 /* SavedContentsVC.swift */ = {isa = PBXFileReference; lastKnownFileType = sourcecode.swift; path = SavedContentsVC.swift; sourceTree = "<group>"; };
		763114FC283123C300F7D1B9 /* SavedCell.swift */ = {isa = PBXFileReference; lastKnownFileType = sourcecode.swift; path = SavedCell.swift; sourceTree = "<group>"; };
		763114FE2832410C00F7D1B9 /* SavedMovie.swift */ = {isa = PBXFileReference; lastKnownFileType = sourcecode.swift; path = SavedMovie.swift; sourceTree = "<group>"; };
		763115002832415C00F7D1B9 /* SavedViewModel.swift */ = {isa = PBXFileReference; lastKnownFileType = sourcecode.swift; path = SavedViewModel.swift; sourceTree = "<group>"; };
		764C274B2828FEA50004E83B /* Netflix.app */ = {isa = PBXFileReference; explicitFileType = wrapper.application; includeInIndex = 0; path = Netflix.app; sourceTree = BUILT_PRODUCTS_DIR; };
		764C274E2828FEA50004E83B /* AppDelegate.swift */ = {isa = PBXFileReference; lastKnownFileType = sourcecode.swift; path = AppDelegate.swift; sourceTree = "<group>"; };
		764C27502828FEA50004E83B /* SceneDelegate.swift */ = {isa = PBXFileReference; lastKnownFileType = sourcecode.swift; path = SceneDelegate.swift; sourceTree = "<group>"; };
		764C27552828FEA50004E83B /* Base */ = {isa = PBXFileReference; lastKnownFileType = file.storyboard; name = Base; path = Base.lproj/Main.storyboard; sourceTree = "<group>"; };
		764C27572828FEAC0004E83B /* Assets.xcassets */ = {isa = PBXFileReference; lastKnownFileType = folder.assetcatalog; path = Assets.xcassets; sourceTree = "<group>"; };
		764C275A2828FEAC0004E83B /* Base */ = {isa = PBXFileReference; lastKnownFileType = file.storyboard; name = Base; path = Base.lproj/LaunchScreen.storyboard; sourceTree = "<group>"; };
		764C275C2828FEAC0004E83B /* Info.plist */ = {isa = PBXFileReference; lastKnownFileType = text.plist.xml; path = Info.plist; sourceTree = "<group>"; };
		764C2763282906300004E83B /* SearchVC.swift */ = {isa = PBXFileReference; lastKnownFileType = sourcecode.swift; path = SearchVC.swift; sourceTree = "<group>"; };
		764C2767282912740004E83B /* SearchCell.swift */ = {isa = PBXFileReference; lastKnownFileType = sourcecode.swift; path = SearchCell.swift; sourceTree = "<group>"; };
		764C2774282A40470004E83B /* HomeVC.swift */ = {isa = PBXFileReference; lastKnownFileType = sourcecode.swift; path = HomeVC.swift; sourceTree = "<group>"; };
		764C2778282A49580004E83B /* SectionHeaderView.swift */ = {isa = PBXFileReference; lastKnownFileType = sourcecode.swift; path = SectionHeaderView.swift; sourceTree = "<group>"; };
		76966D8F2830C4C400CCCB07 /* RecommendCell.swift */ = {isa = PBXFileReference; lastKnownFileType = sourcecode.swift; path = RecommendCell.swift; sourceTree = "<group>"; };
		76966D902830C4C400CCCB07 /* RecommendCell.xib */ = {isa = PBXFileReference; lastKnownFileType = file.xib; path = RecommendCell.xib; sourceTree = "<group>"; };
		76966D932830CE0E00CCCB07 /* MainCell.swift */ = {isa = PBXFileReference; lastKnownFileType = sourcecode.swift; path = MainCell.swift; sourceTree = "<group>"; };
		76966D942830CE0E00CCCB07 /* MainCell.xib */ = {isa = PBXFileReference; lastKnownFileType = file.xib; path = MainCell.xib; sourceTree = "<group>"; };
		76974C5C282E731500210B55 /* SearchAPI.swift */ = {isa = PBXFileReference; lastKnownFileType = sourcecode.swift; path = SearchAPI.swift; sourceTree = "<group>"; };
		76974C5F282E736700210B55 /* Movie.swift */ = {isa = PBXFileReference; lastKnownFileType = sourcecode.swift; path = Movie.swift; sourceTree = "<group>"; };
		76974C61282E737100210B55 /* Response.swift */ = {isa = PBXFileReference; lastKnownFileType = sourcecode.swift; path = Response.swift; sourceTree = "<group>"; };
		76974C64282E73B200210B55 /* MovieViewModel.swift */ = {isa = PBXFileReference; lastKnownFileType = sourcecode.swift; path = MovieViewModel.swift; sourceTree = "<group>"; };
		76974C66282E74D800210B55 /* PlayerViewVC.swift */ = {isa = PBXFileReference; lastKnownFileType = sourcecode.swift; path = PlayerViewVC.swift; sourceTree = "<group>"; };
		76974C68282E750800210B55 /* Player.storyboard */ = {isa = PBXFileReference; lastKnownFileType = file.storyboard; path = Player.storyboard; sourceTree = "<group>"; };
		76CF43DC282E88BD006B8384 /* PlayerView.swift */ = {isa = PBXFileReference; lastKnownFileType = sourcecode.swift; path = PlayerView.swift; sourceTree = "<group>"; };
		76CF43E0282EA8B4006B8384 /* RecommendMovie.swift */ = {isa = PBXFileReference; lastKnownFileType = sourcecode.swift; path = RecommendMovie.swift; sourceTree = "<group>"; };
		76CF43E2282EAD9A006B8384 /* SearchViewModel.swift */ = {isa = PBXFileReference; lastKnownFileType = sourcecode.swift; path = SearchViewModel.swift; sourceTree = "<group>"; };
/* End PBXFileReference section */

/* Begin PBXFrameworksBuildPhase section */
		764C27482828FEA50004E83B /* Frameworks */ = {
			isa = PBXFrameworksBuildPhase;
			buildActionMask = 2147483647;
			files = (
				76974C5B282E68FD00210B55 /* Kingfisher in Frameworks */,
			);
			runOnlyForDeploymentPostprocessing = 0;
		};
/* End PBXFrameworksBuildPhase section */

/* Begin PBXGroup section */
		764C27422828FEA50004E83B = {
			isa = PBXGroup;
			children = (
				764C274D2828FEA50004E83B /* Netflix */,
				764C274C2828FEA50004E83B /* Products */,
			);
			sourceTree = "<group>";
		};
		764C274C2828FEA50004E83B /* Products */ = {
			isa = PBXGroup;
			children = (
				764C274B2828FEA50004E83B /* Netflix.app */,
			);
			name = Products;
			sourceTree = "<group>";
		};
		764C274D2828FEA50004E83B /* Netflix */ = {
			isa = PBXGroup;
			children = (
				76974C63282E73A000210B55 /* ViewModel */,
				76974C5E282E731900210B55 /* API */,
				76974C58282E04C700210B55 /* View */,
				764C276A2829127E0004E83B /* Model */,
				764C27692829127A0004E83B /* Cell */,
				764C27622829060B0004E83B /* ViewController */,
				764C274E2828FEA50004E83B /* AppDelegate.swift */,
				764C27502828FEA50004E83B /* SceneDelegate.swift */,
				764C27542828FEA50004E83B /* Main.storyboard */,
				764C27572828FEAC0004E83B /* Assets.xcassets */,
				764C27592828FEAC0004E83B /* LaunchScreen.storyboard */,
				764C275C2828FEAC0004E83B /* Info.plist */,
			);
			path = Netflix;
			sourceTree = "<group>";
		};
		764C27622829060B0004E83B /* ViewController */ = {
			isa = PBXGroup;
			children = (
				764C2774282A40470004E83B /* HomeVC.swift */,
				764C2763282906300004E83B /* SearchVC.swift */,
				763114FA2831238E00F7D1B9 /* SavedContentsVC.swift */,
				76974C66282E74D800210B55 /* PlayerViewVC.swift */,
				76974C68282E750800210B55 /* Player.storyboard */,
			);
			path = ViewController;
			sourceTree = "<group>";
		};
		764C27692829127A0004E83B /* Cell */ = {
			isa = PBXGroup;
			children = (
				76966D932830CE0E00CCCB07 /* MainCell.swift */,
				76966D942830CE0E00CCCB07 /* MainCell.xib */,
				76966D8F2830C4C400CCCB07 /* RecommendCell.swift */,
				76966D902830C4C400CCCB07 /* RecommendCell.xib */,
				764C2767282912740004E83B /* SearchCell.swift */,
				763114FC283123C300F7D1B9 /* SavedCell.swift */,
			);
			path = Cell;
			sourceTree = "<group>";
		};
		764C276A2829127E0004E83B /* Model */ = {
			isa = PBXGroup;
			children = (
				76974C5F282E736700210B55 /* Movie.swift */,
				76974C61282E737100210B55 /* Response.swift */,
				76CF43E0282EA8B4006B8384 /* RecommendMovie.swift */,
				763114FE2832410C00F7D1B9 /* SavedMovie.swift */,
			);
			path = Model;
			sourceTree = "<group>";
		};
		76974C58282E04C700210B55 /* View */ = {
			isa = PBXGroup;
			children = (
				764C2778282A49580004E83B /* SectionHeaderView.swift */,
				76CF43DC282E88BD006B8384 /* PlayerView.swift */,
			);
			path = View;
			sourceTree = "<group>";
		};
		76974C5E282E731900210B55 /* API */ = {
			isa = PBXGroup;
			children = (
				76974C5C282E731500210B55 /* SearchAPI.swift */,
			);
			path = API;
			sourceTree = "<group>";
		};
		76974C63282E73A000210B55 /* ViewModel */ = {
			isa = PBXGroup;
			children = (
				76974C64282E73B200210B55 /* MovieViewModel.swift */,
				76CF43E2282EAD9A006B8384 /* SearchViewModel.swift */,
				763115002832415C00F7D1B9 /* SavedViewModel.swift */,
			);
			path = ViewModel;
			sourceTree = "<group>";
		};
/* End PBXGroup section */

/* Begin PBXNativeTarget section */
		764C274A2828FEA50004E83B /* Netflix */ = {
			isa = PBXNativeTarget;
			buildConfigurationList = 764C275F2828FEAC0004E83B /* Build configuration list for PBXNativeTarget "Netflix" */;
			buildPhases = (
				764C27472828FEA50004E83B /* Sources */,
				764C27482828FEA50004E83B /* Frameworks */,
				764C27492828FEA50004E83B /* Resources */,
			);
			buildRules = (
			);
			dependencies = (
			);
			name = Netflix;
			packageProductDependencies = (
				76974C5A282E68FD00210B55 /* Kingfisher */,
			);
			productName = Netflix;
			productReference = 764C274B2828FEA50004E83B /* Netflix.app */;
			productType = "com.apple.product-type.application";
		};
/* End PBXNativeTarget section */

/* Begin PBXProject section */
		764C27432828FEA50004E83B /* Project object */ = {
			isa = PBXProject;
			attributes = {
				BuildIndependentTargetsInParallel = 1;
				LastSwiftUpdateCheck = 1330;
				LastUpgradeCheck = 1330;
				TargetAttributes = {
					764C274A2828FEA50004E83B = {
						CreatedOnToolsVersion = 13.3.1;
					};
				};
			};
			buildConfigurationList = 764C27462828FEA50004E83B /* Build configuration list for PBXProject "Netflix" */;
			compatibilityVersion = "Xcode 13.0";
			developmentRegion = en;
			hasScannedForEncodings = 0;
			knownRegions = (
				en,
				Base,
			);
			mainGroup = 764C27422828FEA50004E83B;
			packageReferences = (
				76974C59282E68FD00210B55 /* XCRemoteSwiftPackageReference "Kingfisher" */,
			);
			productRefGroup = 764C274C2828FEA50004E83B /* Products */;
			projectDirPath = "";
			projectRoot = "";
			targets = (
				764C274A2828FEA50004E83B /* Netflix */,
			);
		};
/* End PBXProject section */

/* Begin PBXResourcesBuildPhase section */
		764C27492828FEA50004E83B /* Resources */ = {
			isa = PBXResourcesBuildPhase;
			buildActionMask = 2147483647;
			files = (
				764C275B2828FEAC0004E83B /* LaunchScreen.storyboard in Resources */,
				76966D922830C4C400CCCB07 /* RecommendCell.xib in Resources */,
				76966D962830CE0E00CCCB07 /* MainCell.xib in Resources */,
				76974C69282E750800210B55 /* Player.storyboard in Resources */,
				764C27582828FEAC0004E83B /* Assets.xcassets in Resources */,
				764C27562828FEA50004E83B /* Main.storyboard in Resources */,
			);
			runOnlyForDeploymentPostprocessing = 0;
		};
/* End PBXResourcesBuildPhase section */

/* Begin PBXSourcesBuildPhase section */
		764C27472828FEA50004E83B /* Sources */ = {
			isa = PBXSourcesBuildPhase;
			buildActionMask = 2147483647;
			files = (
				763114FD283123C300F7D1B9 /* SavedCell.swift in Sources */,
				76974C5D282E731500210B55 /* SearchAPI.swift in Sources */,
				764C2764282906300004E83B /* SearchVC.swift in Sources */,
				763114FB2831238E00F7D1B9 /* SavedContentsVC.swift in Sources */,
				763114FF2832410C00F7D1B9 /* SavedMovie.swift in Sources */,
				76CF43E1282EA8B4006B8384 /* RecommendMovie.swift in Sources */,
				763115012832415C00F7D1B9 /* SavedViewModel.swift in Sources */,
				76974C60282E736700210B55 /* Movie.swift in Sources */,
				76CF43DD282E88BD006B8384 /* PlayerView.swift in Sources */,
				76966D912830C4C400CCCB07 /* RecommendCell.swift in Sources */,
				76974C67282E74D800210B55 /* PlayerViewVC.swift in Sources */,
				76CF43E3282EAD9A006B8384 /* SearchViewModel.swift in Sources */,
				764C2768282912740004E83B /* SearchCell.swift in Sources */,
				76974C65282E73B200210B55 /* MovieViewModel.swift in Sources */,
				76974C62282E737100210B55 /* Response.swift in Sources */,
				764C2775282A40470004E83B /* HomeVC.swift in Sources */,
				764C274F2828FEA50004E83B /* AppDelegate.swift in Sources */,
				764C2779282A49580004E83B /* SectionHeaderView.swift in Sources */,
				76966D952830CE0E00CCCB07 /* MainCell.swift in Sources */,
				764C27512828FEA50004E83B /* SceneDelegate.swift in Sources */,
			);
			runOnlyForDeploymentPostprocessing = 0;
		};
/* End PBXSourcesBuildPhase section */

/* Begin PBXVariantGroup section */
		764C27542828FEA50004E83B /* Main.storyboard */ = {
			isa = PBXVariantGroup;
			children = (
				764C27552828FEA50004E83B /* Base */,
			);
			name = Main.storyboard;
			sourceTree = "<group>";
		};
		764C27592828FEAC0004E83B /* LaunchScreen.storyboard */ = {
			isa = PBXVariantGroup;
			children = (
				764C275A2828FEAC0004E83B /* Base */,
			);
			name = LaunchScreen.storyboard;
			sourceTree = "<group>";
		};
/* End PBXVariantGroup section */

/* Begin XCBuildConfiguration section */
		764C275D2828FEAC0004E83B /* Debug */ = {
			isa = XCBuildConfiguration;
			buildSettings = {
				ALWAYS_SEARCH_USER_PATHS = NO;
				CLANG_ANALYZER_NONNULL = YES;
				CLANG_ANALYZER_NUMBER_OBJECT_CONVERSION = YES_AGGRESSIVE;
				CLANG_CXX_LANGUAGE_STANDARD = "gnu++17";
				CLANG_ENABLE_MODULES = YES;
				CLANG_ENABLE_OBJC_ARC = YES;
				CLANG_ENABLE_OBJC_WEAK = YES;
				CLANG_WARN_BLOCK_CAPTURE_AUTORELEASING = YES;
				CLANG_WARN_BOOL_CONVERSION = YES;
				CLANG_WARN_COMMA = YES;
				CLANG_WARN_CONSTANT_CONVERSION = YES;
				CLANG_WARN_DEPRECATED_OBJC_IMPLEMENTATIONS = YES;
				CLANG_WARN_DIRECT_OBJC_ISA_USAGE = YES_ERROR;
				CLANG_WARN_DOCUMENTATION_COMMENTS = YES;
				CLANG_WARN_EMPTY_BODY = YES;
				CLANG_WARN_ENUM_CONVERSION = YES;
				CLANG_WARN_INFINITE_RECURSION = YES;
				CLANG_WARN_INT_CONVERSION = YES;
				CLANG_WARN_NON_LITERAL_NULL_CONVERSION = YES;
				CLANG_WARN_OBJC_IMPLICIT_RETAIN_SELF = YES;
				CLANG_WARN_OBJC_LITERAL_CONVERSION = YES;
				CLANG_WARN_OBJC_ROOT_CLASS = YES_ERROR;
				CLANG_WARN_QUOTED_INCLUDE_IN_FRAMEWORK_HEADER = YES;
				CLANG_WARN_RANGE_LOOP_ANALYSIS = YES;
				CLANG_WARN_STRICT_PROTOTYPES = YES;
				CLANG_WARN_SUSPICIOUS_MOVE = YES;
				CLANG_WARN_UNGUARDED_AVAILABILITY = YES_AGGRESSIVE;
				CLANG_WARN_UNREACHABLE_CODE = YES;
				CLANG_WARN__DUPLICATE_METHOD_MATCH = YES;
				COPY_PHASE_STRIP = NO;
				DEBUG_INFORMATION_FORMAT = dwarf;
				ENABLE_STRICT_OBJC_MSGSEND = YES;
				ENABLE_TESTABILITY = YES;
				GCC_C_LANGUAGE_STANDARD = gnu11;
				GCC_DYNAMIC_NO_PIC = NO;
				GCC_NO_COMMON_BLOCKS = YES;
				GCC_OPTIMIZATION_LEVEL = 0;
				GCC_PREPROCESSOR_DEFINITIONS = (
					"DEBUG=1",
					"$(inherited)",
				);
				GCC_WARN_64_TO_32_BIT_CONVERSION = YES;
				GCC_WARN_ABOUT_RETURN_TYPE = YES_ERROR;
				GCC_WARN_UNDECLARED_SELECTOR = YES;
				GCC_WARN_UNINITIALIZED_AUTOS = YES_AGGRESSIVE;
				GCC_WARN_UNUSED_FUNCTION = YES;
				GCC_WARN_UNUSED_VARIABLE = YES;
				IPHONEOS_DEPLOYMENT_TARGET = 15.4;
				MTL_ENABLE_DEBUG_INFO = INCLUDE_SOURCE;
				MTL_FAST_MATH = YES;
				ONLY_ACTIVE_ARCH = YES;
				SDKROOT = iphoneos;
				SWIFT_ACTIVE_COMPILATION_CONDITIONS = DEBUG;
				SWIFT_OPTIMIZATION_LEVEL = "-Onone";
			};
			name = Debug;
		};
		764C275E2828FEAC0004E83B /* Release */ = {
			isa = XCBuildConfiguration;
			buildSettings = {
				ALWAYS_SEARCH_USER_PATHS = NO;
				CLANG_ANALYZER_NONNULL = YES;
				CLANG_ANALYZER_NUMBER_OBJECT_CONVERSION = YES_AGGRESSIVE;
				CLANG_CXX_LANGUAGE_STANDARD = "gnu++17";
				CLANG_ENABLE_MODULES = YES;
				CLANG_ENABLE_OBJC_ARC = YES;
				CLANG_ENABLE_OBJC_WEAK = YES;
				CLANG_WARN_BLOCK_CAPTURE_AUTORELEASING = YES;
				CLANG_WARN_BOOL_CONVERSION = YES;
				CLANG_WARN_COMMA = YES;
				CLANG_WARN_CONSTANT_CONVERSION = YES;
				CLANG_WARN_DEPRECATED_OBJC_IMPLEMENTATIONS = YES;
				CLANG_WARN_DIRECT_OBJC_ISA_USAGE = YES_ERROR;
				CLANG_WARN_DOCUMENTATION_COMMENTS = YES;
				CLANG_WARN_EMPTY_BODY = YES;
				CLANG_WARN_ENUM_CONVERSION = YES;
				CLANG_WARN_INFINITE_RECURSION = YES;
				CLANG_WARN_INT_CONVERSION = YES;
				CLANG_WARN_NON_LITERAL_NULL_CONVERSION = YES;
				CLANG_WARN_OBJC_IMPLICIT_RETAIN_SELF = YES;
				CLANG_WARN_OBJC_LITERAL_CONVERSION = YES;
				CLANG_WARN_OBJC_ROOT_CLASS = YES_ERROR;
				CLANG_WARN_QUOTED_INCLUDE_IN_FRAMEWORK_HEADER = YES;
				CLANG_WARN_RANGE_LOOP_ANALYSIS = YES;
				CLANG_WARN_STRICT_PROTOTYPES = YES;
				CLANG_WARN_SUSPICIOUS_MOVE = YES;
				CLANG_WARN_UNGUARDED_AVAILABILITY = YES_AGGRESSIVE;
				CLANG_WARN_UNREACHABLE_CODE = YES;
				CLANG_WARN__DUPLICATE_METHOD_MATCH = YES;
				COPY_PHASE_STRIP = NO;
				DEBUG_INFORMATION_FORMAT = "dwarf-with-dsym";
				ENABLE_NS_ASSERTIONS = NO;
				ENABLE_STRICT_OBJC_MSGSEND = YES;
				GCC_C_LANGUAGE_STANDARD = gnu11;
				GCC_NO_COMMON_BLOCKS = YES;
				GCC_WARN_64_TO_32_BIT_CONVERSION = YES;
				GCC_WARN_ABOUT_RETURN_TYPE = YES_ERROR;
				GCC_WARN_UNDECLARED_SELECTOR = YES;
				GCC_WARN_UNINITIALIZED_AUTOS = YES_AGGRESSIVE;
				GCC_WARN_UNUSED_FUNCTION = YES;
				GCC_WARN_UNUSED_VARIABLE = YES;
				IPHONEOS_DEPLOYMENT_TARGET = 15.4;
				MTL_ENABLE_DEBUG_INFO = NO;
				MTL_FAST_MATH = YES;
				SDKROOT = iphoneos;
				SWIFT_COMPILATION_MODE = wholemodule;
				SWIFT_OPTIMIZATION_LEVEL = "-O";
				VALIDATE_PRODUCT = YES;
			};
			name = Release;
		};
		764C27602828FEAC0004E83B /* Debug */ = {
			isa = XCBuildConfiguration;
			buildSettings = {
				ASSETCATALOG_COMPILER_APPICON_NAME = AppIcon;
				ASSETCATALOG_COMPILER_GLOBAL_ACCENT_COLOR_NAME = AccentColor;
				CODE_SIGN_STYLE = Automatic;
				CURRENT_PROJECT_VERSION = 1;
				DEVELOPMENT_TEAM = Y7PRM9H29K;
				GENERATE_INFOPLIST_FILE = YES;
				INFOPLIST_FILE = Netflix/Info.plist;
				INFOPLIST_KEY_UIApplicationSupportsIndirectInputEvents = YES;
				INFOPLIST_KEY_UILaunchStoryboardName = LaunchScreen;
				INFOPLIST_KEY_UIMainStoryboardFile = Main;
				INFOPLIST_KEY_UISupportedInterfaceOrientations_iPad = "UIInterfaceOrientationPortrait UIInterfaceOrientationPortraitUpsideDown UIInterfaceOrientationLandscapeLeft UIInterfaceOrientationLandscapeRight";
				INFOPLIST_KEY_UISupportedInterfaceOrientations_iPhone = "UIInterfaceOrientationPortrait UIInterfaceOrientationLandscapeLeft UIInterfaceOrientationLandscapeRight";
				LD_RUNPATH_SEARCH_PATHS = (
					"$(inherited)",
					"@executable_path/Frameworks",
				);
				MARKETING_VERSION = 1.0;
				PRODUCT_BUNDLE_IDENTIFIER = com.ohjun.Netflix;
				PRODUCT_NAME = "$(TARGET_NAME)";
				SWIFT_EMIT_LOC_STRINGS = YES;
				SWIFT_VERSION = 5.0;
				TARGETED_DEVICE_FAMILY = "1,2";
			};
			name = Debug;
		};
		764C27612828FEAC0004E83B /* Release */ = {
			isa = XCBuildConfiguration;
			buildSettings = {
				ASSETCATALOG_COMPILER_APPICON_NAME = AppIcon;
				ASSETCATALOG_COMPILER_GLOBAL_ACCENT_COLOR_NAME = AccentColor;
				CODE_SIGN_STYLE = Automatic;
				CURRENT_PROJECT_VERSION = 1;
				DEVELOPMENT_TEAM = Y7PRM9H29K;
				GENERATE_INFOPLIST_FILE = YES;
				INFOPLIST_FILE = Netflix/Info.plist;
				INFOPLIST_KEY_UIApplicationSupportsIndirectInputEvents = YES;
				INFOPLIST_KEY_UILaunchStoryboardName = LaunchScreen;
				INFOPLIST_KEY_UIMainStoryboardFile = Main;
				INFOPLIST_KEY_UISupportedInterfaceOrientations_iPad = "UIInterfaceOrientationPortrait UIInterfaceOrientationPortraitUpsideDown UIInterfaceOrientationLandscapeLeft UIInterfaceOrientationLandscapeRight";
				INFOPLIST_KEY_UISupportedInterfaceOrientations_iPhone = "UIInterfaceOrientationPortrait UIInterfaceOrientationLandscapeLeft UIInterfaceOrientationLandscapeRight";
				LD_RUNPATH_SEARCH_PATHS = (
					"$(inherited)",
					"@executable_path/Frameworks",
				);
				MARKETING_VERSION = 1.0;
				PRODUCT_BUNDLE_IDENTIFIER = com.ohjun.Netflix;
				PRODUCT_NAME = "$(TARGET_NAME)";
				SWIFT_EMIT_LOC_STRINGS = YES;
				SWIFT_VERSION = 5.0;
				TARGETED_DEVICE_FAMILY = "1,2";
			};
			name = Release;
		};
/* End XCBuildConfiguration section */

/* Begin XCConfigurationList section */
		764C27462828FEA50004E83B /* Build configuration list for PBXProject "Netflix" */ = {
			isa = XCConfigurationList;
			buildConfigurations = (
				764C275D2828FEAC0004E83B /* Debug */,
				764C275E2828FEAC0004E83B /* Release */,
			);
			defaultConfigurationIsVisible = 0;
			defaultConfigurationName = Release;
		};
		764C275F2828FEAC0004E83B /* Build configuration list for PBXNativeTarget "Netflix" */ = {
			isa = XCConfigurationList;
			buildConfigurations = (
				764C27602828FEAC0004E83B /* Debug */,
				764C27612828FEAC0004E83B /* Release */,
			);
			defaultConfigurationIsVisible = 0;
			defaultConfigurationName = Release;
		};
/* End XCConfigurationList section */

/* Begin XCRemoteSwiftPackageReference section */
		76974C59282E68FD00210B55 /* XCRemoteSwiftPackageReference "Kingfisher" */ = {
			isa = XCRemoteSwiftPackageReference;
			repositoryURL = "https://github.com/onevcat/Kingfisher";
			requirement = {
				kind = upToNextMajorVersion;
				minimumVersion = 7.0.0;
			};
		};
/* End XCRemoteSwiftPackageReference section */

/* Begin XCSwiftPackageProductDependency section */
		76974C5A282E68FD00210B55 /* Kingfisher */ = {
			isa = XCSwiftPackageProductDependency;
			package = 76974C59282E68FD00210B55 /* XCRemoteSwiftPackageReference "Kingfisher" */;
			productName = Kingfisher;
		};
/* End XCSwiftPackageProductDependency section */
	};
	rootObject = 764C27432828FEA50004E83B /* Project object */;
}
